
Microsoft Visual Studio Solution File, Format Version 11.00
# Visual C# Express 2010
Project("{FAE04EC0-301F-11D3-BF4B-00C04F79EFBC}") = "Hello", "Hello\Hello.csproj", "{CC794A21-FD27-4F58-9988-C684C9ABB0F5}"
EndProject
Global
	GlobalSection(SolutionConfigurationPlatforms) = preSolution
		Debug|Any CPU = Debug|Any CPU
		Release|Any CPU = Release|Any CPU
	EndGlobalSection
	GlobalSection(ProjectConfigurationPlatforms) = postSolution
		{CC794A21-FD27-4F58-9988-C684C9ABB0F5}.Debug|Any CPU.ActiveCfg = Debug|Any CPU
		{CC794A21-FD27-4F58-9988-C684C9ABB0F5}.Debug|Any CPU.Build.0 = Debug|Any CPU
		{CC794A21-FD27-4F58-9988-C684C9ABB0F5}.Debug|Any CPU.Deploy.0 = Debug|Any CPU
		{CC794A21-FD27-4F58-9988-C684C9ABB0F5}.Release|Any CPU.ActiveCfg = Release|Any CPU
		{CC794A21-FD27-4F58-9988-C684C9ABB0F5}.Release|Any CPU.Build.0 = Release|Any CPU
		{CC794A21-FD27-4F58-9988-C684C9ABB0F5}.Release|Any CPU.Deploy.0 = Release|Any CPU
	EndGlobalSection
	GlobalSection(SolutionProperties) = preSolution
		HideSolutionNode = FALSE
	EndGlobalSection
EndGlobal
